Microsoft Visual Studio Solution File, Format Version 7.00
Project("{8BC9CEB8-8B4A-11D0-8D11-00A0C91BC942}") = "AP_CON", "AP_CON\AP_CON.vcproj", "{AB80874B-4724-4C41-8BE0-E97FCF69286B}"
EndProject
Project("{8BC9CEB8-8B4A-11D0-8D11-00A0C91BC942}") = "AP_CFG", "AP_CFG\AP_CFG.vcproj", "{854381F1-180D-4D32-ADAC-7CF7F2950B89}"
EndProject
Global
	GlobalSection(SolutionConfiguration) = preSolution
		ConfigName.0 = Debug
		ConfigName.1 = Release
	EndGlobalSection
	GlobalSection(ProjectDependencies) = postSolution
	EndGlobalSection
	GlobalSection(ProjectConfiguration) = postSolution
		{AB80874B-4724-4C41-8BE0-E97FCF69286B}.Debug.ActiveCfg = Debug|Win32
		{AB80874B-4724-4C41-8BE0-E97FCF69286B}.Debug.Build.0 = Debug|Win32
		{AB80874B-4724-4C41-8BE0-E97FCF69286B}.Release.ActiveCfg = Release|Win32
		{AB80874B-4724-4C41-8BE0-E97FCF69286B}.Release.Build.0 = Release|Win32
		{854381F1-180D-4D32-ADAC-7CF7F2950B89}.Debug.ActiveCfg = Debug|Win32
		{854381F1-180D-4D32-ADAC-7CF7F2950B89}.Debug.Build.0 = Debug|Win32
		{854381F1-180D-4D32-ADAC-7CF7F2950B89}.Release.ActiveCfg = Release|Win32
		{854381F1-180D-4D32-ADAC-7CF7F2950B89}.Release.Build.0 = Release|Win32
	EndGlobalSection
	GlobalSection(ExtensibilityGlobals) = postSolution
	EndGlobalSection
	GlobalSection(ExtensibilityAddIns) = postSolution
	EndGlobalSection
EndGlobal
